
Microsoft Visual Studio Solution File, Format Version 12.00
# Visual Studio 15
VisualStudioVersion = 15.0.28010.2036
MinimumVisualStudioVersion = 10.0.40219.1
Project("{8BC9CEB8-8B4A-11D0-8D11-00A0C91BC942}") = "KochSnowflake", "KochSnowflake\KochSnowflake.vcxproj", "{F52CB479-91FB-417D-89EB-983732460BF9}"
EndProject
Global
	GlobalSection(SolutionConfigurationPlatforms) = preSolution
		Debug|x64 = Debug|x64
		Debug|x86 = Debug|x86
		Release|x64 = Release|x64
		Release|x86 = Release|x86
	EndGlobalSection
	GlobalSection(ProjectConfigurationPlatforms) = postSolution
		{F52CB479-91FB-417D-89EB-983732460BF9}.Debug|x64.ActiveCfg = Debug|x64
		{F52CB479-91FB-417D-89EB-983732460BF9}.Debug|x64.Build.0 = Debug|x64
		{F52CB479-91FB-417D-89EB-983732460BF9}.Debug|x86.ActiveCfg = Debug|Win32
		{F52CB479-91FB-417D-89EB-983732460BF9}.Debug|x86.Build.0 = Debug|Win32
		{F52CB479-91FB-417D-89EB-983732460BF9}.Release|x64.ActiveCfg = Release|x64
		{F52CB479-91FB-417D-89EB-983732460BF9}.Release|x64.Build.0 = Release|x64
		{F52CB479-91FB-417D-89EB-983732460BF9}.Release|x86.ActiveCfg = Release|Win32
		{F52CB479-91FB-417D-89EB-983732460BF9}.Release|x86.Build.0 = Release|Win32
	EndGlobalSection
	GlobalSection(SolutionProperties) = preSolution
		HideSolutionNode = FALSE
	EndGlobalSection
	GlobalSection(ExtensibilityGlobals) = postSolution
		SolutionGuid = {6EBFFB70-13D4-4A40-A094-134F577E9217}
	EndGlobalSection
EndGlobal
